
Microsoft Visual Studio Solution File, Format Version 12.00
# Visual Studio Version 17
VisualStudioVersion = 17.5.33627.172
MinimumVisualStudioVersion = 10.0.40219.1
Project("{FAE04EC0-301F-11D3-BF4B-00C04F79EFBC}") = "User1", "User1\User1.csproj", "{BAE61036-DDFC-4C0D-9D25-685ED5D55FE6}"
EndProject
Project("{00D1A9C2-B5F0-4AF3-8072-F6C62B433612}") = "UsersDatabase", "UsersDatabase\UsersDatabase.sqlproj", "{93004F6D-00DB-4888-87D3-44C4D2CEB653}"
EndProject
Global
	GlobalSection(SolutionConfigurationPlatforms) = preSolution
		Debug|Any CPU = Debug|Any CPU
		Release|Any CPU = Release|Any CPU
	EndGlobalSection
	GlobalSection(ProjectConfigurationPlatforms) = postSolution
		{BAE61036-DDFC-4C0D-9D25-685ED5D55FE6}.Debug|Any CPU.ActiveCfg = Debug|Any CPU
		{BAE61036-DDFC-4C0D-9D25-685ED5D55FE6}.Debug|Any CPU.Build.0 = Debug|Any CPU
		{BAE61036-DDFC-4C0D-9D25-685ED5D55FE6}.Release|Any CPU.ActiveCfg = Release|Any CPU
		{BAE61036-DDFC-4C0D-9D25-685ED5D55FE6}.Release|Any CPU.Build.0 = Release|Any CPU
		{93004F6D-00DB-4888-87D3-44C4D2CEB653}.Debug|Any CPU.ActiveCfg = Debug|Any CPU
		{93004F6D-00DB-4888-87D3-44C4D2CEB653}.Debug|Any CPU.Build.0 = Debug|Any CPU
		{93004F6D-00DB-4888-87D3-44C4D2CEB653}.Debug|Any CPU.Deploy.0 = Debug|Any CPU
		{93004F6D-00DB-4888-87D3-44C4D2CEB653}.Release|Any CPU.ActiveCfg = Release|Any CPU
		{93004F6D-00DB-4888-87D3-44C4D2CEB653}.Release|Any CPU.Build.0 = Release|Any CPU
		{93004F6D-00DB-4888-87D3-44C4D2CEB653}.Release|Any CPU.Deploy.0 = Release|Any CPU
	EndGlobalSection
	GlobalSection(SolutionProperties) = preSolution
		HideSolutionNode = FALSE
	EndGlobalSection
	GlobalSection(ExtensibilityGlobals) = postSolution
		SolutionGuid = {F0AFF37A-DD5E-4F96-9898-6D0AE651B0E2}
	EndGlobalSection
EndGlobal
